
Microsoft Visual Studio Solution File, Format Version 12.00
# Visual Studio Version 16
VisualStudioVersion = 16.0.31321.278
MinimumVisualStudioVersion = 10.0.40219.1
Project("{FAE04EC0-301F-11D3-BF4B-00C04F79EFBC}") = "WebApplication1", "WebApplication1\WebApplication1.csproj", "{A03C2F6A-1562-4948-A233-73A52EDF6F38}"
EndProject
Global
	GlobalSection(SolutionConfigurationPlatforms) = preSolution
		Debug|Any CPU = Debug|Any CPU
		Release|Any CPU = Release|Any CPU
	EndGlobalSection
	GlobalSection(ProjectConfigurationPlatforms) = postSolution
		{A03C2F6A-1562-4948-A233-73A52EDF6F38}.Debug|Any CPU.ActiveCfg = Debug|Any CPU
		{A03C2F6A-1562-4948-A233-73A52EDF6F38}.Debug|Any CPU.Build.0 = Debug|Any CPU
		{A03C2F6A-1562-4948-A233-73A52EDF6F38}.Release|Any CPU.ActiveCfg = Release|Any CPU
		{A03C2F6A-1562-4948-A233-73A52EDF6F38}.Release|Any CPU.Build.0 = Release|Any CPU
	EndGlobalSection
	GlobalSection(SolutionProperties) = preSolution
		HideSolutionNode = FALSE
	EndGlobalSection
	GlobalSection(ExtensibilityGlobals) = postSolution
		SolutionGuid = {F5A1CE69-D789-492F-BA85-77DE342B9D30}
	EndGlobalSection
EndGlobal
